// !$*UTF8*$!
{
	archiveVersion = 1;
	classes = {
	};
	objectVersion = 50;
	objects = {

/* Begin PBXBuildFile section */
		DDC28CFF24693AC1009D7BAD /* AppDelegate.swift in Sources */ = {isa = PBXBuildFile; fileRef = DDC28CFE24693AC1009D7BAD /* AppDelegate.swift */; };
		DDC28D0124693AC1009D7BAD /* SceneDelegate.swift in Sources */ = {isa = PBXBuildFile; fileRef = DDC28D0024693AC1009D7BAD /* SceneDelegate.swift */; };
		DDC28D0324693AC1009D7BAD /* ViewController.swift in Sources */ = {isa = PBXBuildFile; fileRef = DDC28D0224693AC1009D7BAD /* ViewController.swift */; };
		DDC28D0624693AC1009D7BAD /* Main.storyboard in Resources */ = {isa = PBXBuildFile; fileRef = DDC28D0424693AC1009D7BAD /* Main.storyboard */; };
		DDC28D0824693AC3009D7BAD /* Assets.xcassets in Resources */ = {isa = PBXBuildFile; fileRef = DDC28D0724693AC3009D7BAD /* Assets.xcassets */; };
		DDC28D0B24693AC3009D7BAD /* LaunchScreen.storyboard in Resources */ = {isa = PBXBuildFile; fileRef = DDC28D0924693AC3009D7BAD /* LaunchScreen.storyboard */; };
		DDC28D1424693BB1009D7BAD /* SecViewController.swift in Sources */ = {isa = PBXBuildFile; fileRef = DDC28D1324693BB1009D7BAD /* SecViewController.swift */; };
/* End PBXBuildFile section */

/* Begin PBXFileReference section */
		DDC28CFB24693AC1009D7BAD /* multipleStoryboardProject.app */ = {isa = PBXFileReference; explicitFileType = wrapper.application; includeInIndex = 0; path = multipleStoryboardProject.app; sourceTree = BUILT_PRODUCTS_DIR; };
		DDC28CFE24693AC1009D7BAD /* AppDelegate.swift */ = {isa = PBXFileReference; lastKnownFileType = sourcecode.swift; path = AppDelegate.swift; sourceTree = "<group>"; };
		DDC28D0024693AC1009D7BAD /* SceneDelegate.swift */ = {isa = PBXFileReference; lastKnownFileType = sourcecode.swift; path = SceneDelegate.swift; sourceTree = "<group>"; };
		DDC28D0224693AC1009D7BAD /* ViewController.swift */ = {isa = PBXFileReference; lastKnownFileType = sourcecode.swift; path = ViewController.swift; sourceTree = "<group>"; };
		DDC28D0524693AC1009D7BAD /* Base */ = {isa = PBXFileReference; lastKnownFileType = file.storyboard; name = Base; path = Base.lproj/Main.storyboard; sourceTree = "<group>"; };
		DDC28D0724693AC3009D7BAD /* Assets.xcassets */ = {isa = PBXFileReference; lastKnownFileType = folder.assetcatalog; path = Assets.xcassets; sourceTree = "<group>"; };
		DDC28D0A24693AC3009D7BAD /* Base */ = {isa = PBXFileReference; lastKnownFileType = file.storyboard; name = Base; path = Base.lproj/LaunchScreen.storyboard; sourceTree = "<group>"; };
		DDC28D0C24693AC3009D7BAD /* Info.plist */ = {isa = PBXFileReference; lastKnownFileType = text.plist.xml; path = Info.plist; sourceTree = "<group>"; };
		DDC28D1324693BB1009D7BAD /* SecViewController.swift */ = {isa = PBXFileReference; lastKnownFileType = sourcecode.swift; path = SecViewController.swift; sourceTree = "<group>"; };
/* End PBXFileReference section */

/* Begin PBXFrameworksBuildPhase section */
		DDC28CF824693AC1009D7BAD /* Frameworks */ = {
			isa = PBXFrameworksBuildPhase;
			buildActionMask = 2147483647;
			files = (
			);
			runOnlyForDeploymentPostprocessing = 0;
		};
/* End PBXFrameworksBuildPhase section */

/* Begin PBXGroup section */
		DDC28CF224693AC1009D7BAD = {
			isa = PBXGroup;
			children = (
				DDC28CFD24693AC1009D7BAD /* multipleStoryboardProject */,
				DDC28CFC24693AC1009D7BAD /* Products */,
			);
			sourceTree = "<group>";
		};
		DDC28CFC24693AC1009D7BAD /* Products */ = {
			isa = PBXGroup;
			children = (
				DDC28CFB24693AC1009D7BAD /* multipleStoryboardProject.app */,
			);
			name = Products;
			sourceTree = "<group>";
		};
		DDC28CFD24693AC1009D7BAD /* multipleStoryboardProject */ = {
			isa = PBXGroup;
			children = (
				DDC28CFE24693AC1009D7BAD /* AppDelegate.swift */,
				DDC28D0024693AC1009D7BAD /* SceneDelegate.swift */,
				DDC28D0224693AC1009D7BAD /* ViewController.swift */,
				DDC28D0424693AC1009D7BAD /* Main.storyboard */,
				DDC28D0724693AC3009D7BAD /* Assets.xcassets */,
				DDC28D0924693AC3009D7BAD /* LaunchScreen.storyboard */,
				DDC28D0C24693AC3009D7BAD /* Info.plist */,
				DDC28D1224693B76009D7BAD /* SecViewController */,
			);
			path = multipleStoryboardProject;
			sourceTree = "<group>";
		};
		DDC28D1224693B76009D7BAD /* SecViewController */ = {
			isa = PBXGroup;
			children = (
				DDC28D1324693BB1009D7BAD /* SecViewController.swift */,
			);
			path = SecViewController;
			sourceTree = "<group>";
		};
/* End PBXGroup section */

/* Begin PBXNativeTarget section */
		DDC28CFA24693AC1009D7BAD /* multipleStoryboardProject */ = {
			isa = PBXNativeTarget;
			buildConfigurationList = DDC28D0F24693AC3009D7BAD /* Build configuration list for PBXNativeTarget "multipleStoryboardProject" */;
			buildPhases = (
				DDC28CF724693AC1009D7BAD /* Sources */,
				DDC28CF824693AC1009D7BAD /* Frameworks */,
				DDC28CF924693AC1009D7BAD /* Resources */,
			);
			buildRules = (
			);
			dependencies = (
			);
			name = multipleStoryboardProject;
			productName = multipleStoryboardProject;
			productReference = DDC28CFB24693AC1009D7BAD /* multipleStoryboardProject.app */;
			productType = "com.apple.product-type.application";
		};
/* End PBXNativeTarget section */

/* Begin PBXProject section */
		DDC28CF324693AC1009D7BAD /* Project object */ = {
			isa = PBXProject;
			attributes = {
				LastSwiftUpdateCheck = 1140;
				LastUpgradeCheck = 1140;
				ORGANIZATIONNAME = "旌榮 凌";
				TargetAttributes = {
					DDC28CFA24693AC1009D7BAD = {
						CreatedOnToolsVersion = 11.4;
					};
				};
			};
			buildConfigurationList = DDC28CF624693AC1009D7BAD /* Build configuration list for PBXProject "multipleStoryboardProject" */;
			compatibilityVersion = "Xcode 9.3";
			developmentRegion = en;
			hasScannedForEncodings = 0;
			knownRegions = (
				en,
				Base,
			);
			mainGroup = DDC28CF224693AC1009D7BAD;
			productRefGroup = DDC28CFC24693AC1009D7BAD /* Products */;
			projectDirPath = "";
			projectRoot = "";
			targets = (
				DDC28CFA24693AC1009D7BAD /* multipleStoryboardProject */,
			);
		};
/* End PBXProject section */

/* Begin PBXResourcesBuildPhase section */
		DDC28CF924693AC1009D7BAD /* Resources */ = {
			isa = PBXResourcesBuildPhase;
			buildActionMask = 2147483647;
			files = (
				DDC28D0B24693AC3009D7BAD /* LaunchScreen.storyboard in Resources */,
				DDC28D0824693AC3009D7BAD /* Assets.xcassets in Resources */,
				DDC28D0624693AC1009D7BAD /* Main.storyboard in Resources */,
			);
			runOnlyForDeploymentPostprocessing = 0;
		};
/* End PBXResourcesBuildPhase section */

/* Begin PBXSourcesBuildPhase section */
		DDC28CF724693AC1009D7BAD /* Sources */ = {
			isa = PBXSourcesBuildPhase;
			buildActionMask = 2147483647;
			files = (
				DDC28D1424693BB1009D7BAD /* SecViewController.swift in Sources */,
				DDC28D0324693AC1009D7BAD /* ViewController.swift in Sources */,
				DDC28CFF24693AC1009D7BAD /* AppDelegate.swift in Sources */,
				DDC28D0124693AC1009D7BAD /* SceneDelegate.swift in Sources */,
			);
			runOnlyForDeploymentPostprocessing = 0;
		};
/* End PBXSourcesBuildPhase section */

/* Begin PBXVariantGroup section */
		DDC28D0424693AC1009D7BAD /* Main.storyboard */ = {
			isa = PBXVariantGroup;
			children = (
				DDC28D0524693AC1009D7BAD /* Base */,
			);
			name = Main.storyboard;
			sourceTree = "<group>";
		};
		DDC28D0924693AC3009D7BAD /* LaunchScreen.storyboard */ = {
			isa = PBXVariantGroup;
			children = (
				DDC28D0A24693AC3009D7BAD /* Base */,
			);
			name = LaunchScreen.storyboard;
			sourceTree = "<group>";
		};
/* End PBXVariantGroup section */

/* Begin XCBuildConfiguration section */
		DDC28D0D24693AC3009D7BAD /* Debug */ = {
			isa = XCBuildConfiguration;
			buildSettings = {
				ALWAYS_SEARCH_USER_PATHS = NO;
				CLANG_ANALYZER_NONNULL = YES;
				CLANG_ANALYZER_NUMBER_OBJECT_CONVERSION = YES_AGGRESSIVE;
				CLANG_CXX_LANGUAGE_STANDARD = "gnu++14";
				CLANG_CXX_LIBRARY = "libc++";
				CLANG_ENABLE_MODULES = YES;
				CLANG_ENABLE_OBJC_ARC = YES;
				CLANG_ENABLE_OBJC_WEAK = YES;
				CLANG_WARN_BLOCK_CAPTURE_AUTORELEASING = YES;
				CLANG_WARN_BOOL_CONVERSION = YES;
				CLANG_WARN_COMMA = YES;
				CLANG_WARN_CONSTANT_CONVERSION = YES;
				CLANG_WARN_DEPRECATED_OBJC_IMPLEMENTATIONS = YES;
				CLANG_WARN_DIRECT_OBJC_ISA_USAGE = YES_ERROR;
				CLANG_WARN_DOCUMENTATION_COMMENTS = YES;
				CLANG_WARN_EMPTY_BODY = YES;
				CLANG_WARN_ENUM_CONVERSION = YES;
				CLANG_WARN_INFINITE_RECURSION = YES;
				CLANG_WARN_INT_CONVERSION = YES;
				CLANG_WARN_NON_LITERAL_NULL_CONVERSION = YES;
				CLANG_WARN_OBJC_IMPLICIT_RETAIN_SELF = YES;
				CLANG_WARN_OBJC_LITERAL_CONVERSION = YES;
				CLANG_WARN_OBJC_ROOT_CLASS = YES_ERROR;
				CLANG_WARN_RANGE_LOOP_ANALYSIS = YES;
				CLANG_WARN_STRICT_PROTOTYPES = YES;
				CLANG_WARN_SUSPICIOUS_MOVE = YES;
				CLANG_WARN_UNGUARDED_AVAILABILITY = YES_AGGRESSIVE;
				CLANG_WARN_UNREACHABLE_CODE = YES;
				CLANG_WARN__DUPLICATE_METHOD_MATCH = YES;
				COPY_PHASE_STRIP = NO;
				DEBUG_INFORMATION_FORMAT = dwarf;
				ENABLE_STRICT_OBJC_MSGSEND = YES;
				ENABLE_TESTABILITY = YES;
				GCC_C_LANGUAGE_STANDARD = gnu11;
				GCC_DYNAMIC_NO_PIC = NO;
				GCC_NO_COMMON_BLOCKS = YES;
				GCC_OPTIMIZATION_LEVEL = 0;
				GCC_PREPROCESSOR_DEFINITIONS = (
					"DEBUG=1",
					"$(inherited)",
				);
				GCC_WARN_64_TO_32_BIT_CONVERSION = YES;
				GCC_WARN_ABOUT_RETURN_TYPE = YES_ERROR;
				GCC_WARN_UNDECLARED_SELECTOR = YES;
				GCC_WARN_UNINITIALIZED_AUTOS = YES_AGGRESSIVE;
				GCC_WARN_UNUSED_FUNCTION = YES;
				GCC_WARN_UNUSED_VARIABLE = YES;
				IPHONEOS_DEPLOYMENT_TARGET = 13.4;
				MTL_ENABLE_DEBUG_INFO = INCLUDE_SOURCE;
				MTL_FAST_MATH = YES;
				ONLY_ACTIVE_ARCH = YES;
				SDKROOT = iphoneos;
				SWIFT_ACTIVE_COMPILATION_CONDITIONS = DEBUG;
				SWIFT_OPTIMIZATION_LEVEL = "-Onone";
			};
			name = Debug;
		};
		DDC28D0E24693AC3009D7BAD /* Release */ = {
			isa = XCBuildConfiguration;
			buildSettings = {
				ALWAYS_SEARCH_USER_PATHS = NO;
				CLANG_ANALYZER_NONNULL = YES;
				CLANG_ANALYZER_NUMBER_OBJECT_CONVERSION = YES_AGGRESSIVE;
				CLANG_CXX_LANGUAGE_STANDARD = "gnu++14";
				CLANG_CXX_LIBRARY = "libc++";
				CLANG_ENABLE_MODULES = YES;
				CLANG_ENABLE_OBJC_ARC = YES;
				CLANG_ENABLE_OBJC_WEAK = YES;
				CLANG_WARN_BLOCK_CAPTURE_AUTORELEASING = YES;
				CLANG_WARN_BOOL_CONVERSION = YES;
				CLANG_WARN_COMMA = YES;
				CLANG_WARN_CONSTANT_CONVERSION = YES;
				CLANG_WARN_DEPRECATED_OBJC_IMPLEMENTATIONS = YES;
				CLANG_WARN_DIRECT_OBJC_ISA_USAGE = YES_ERROR;
				CLANG_WARN_DOCUMENTATION_COMMENTS = YES;
				CLANG_WARN_EMPTY_BODY = YES;
				CLANG_WARN_ENUM_CONVERSION = YES;
				CLANG_WARN_INFINITE_RECURSION = YES;
				CLANG_WARN_INT_CONVERSION = YES;
				CLANG_WARN_NON_LITERAL_NULL_CONVERSION = YES;
				CLANG_WARN_OBJC_IMPLICIT_RETAIN_SELF = YES;
				CLANG_WARN_OBJC_LITERAL_CONVERSION = YES;
				CLANG_WARN_OBJC_ROOT_CLASS = YES_ERROR;
				CLANG_WARN_RANGE_LOOP_ANALYSIS = YES;
				CLANG_WARN_STRICT_PROTOTYPES = YES;
				CLANG_WARN_SUSPICIOUS_MOVE = YES;
				CLANG_WARN_UNGUARDED_AVAILABILITY = YES_AGGRESSIVE;
				CLANG_WARN_UNREACHABLE_CODE = YES;
				CLANG_WARN__DUPLICATE_METHOD_MATCH = YES;
				COPY_PHASE_STRIP = NO;
				DEBUG_INFORMATION_FORMAT = "dwarf-with-dsym";
				ENABLE_NS_ASSERTIONS = NO;
				ENABLE_STRICT_OBJC_MSGSEND = YES;
				GCC_C_LANGUAGE_STANDARD = gnu11;
				GCC_NO_COMMON_BLOCKS = YES;
				GCC_WARN_64_TO_32_BIT_CONVERSION = YES;
				GCC_WARN_ABOUT_RETURN_TYPE = YES_ERROR;
				GCC_WARN_UNDECLARED_SELECTOR = YES;
				GCC_WARN_UNINITIALIZED_AUTOS = YES_AGGRESSIVE;
				GCC_WARN_UNUSED_FUNCTION = YES;
				GCC_WARN_UNUSED_VARIABLE = YES;
				IPHONEOS_DEPLOYMENT_TARGET = 13.4;
				MTL_ENABLE_DEBUG_INFO = NO;
				MTL_FAST_MATH = YES;
				SDKROOT = iphoneos;
				SWIFT_COMPILATION_MODE = wholemodule;
				SWIFT_OPTIMIZATION_LEVEL = "-O";
				VALIDATE_PRODUCT = YES;
			};
			name = Release;
		};
		DDC28D1024693AC3009D7BAD /* Debug */ = {
			isa = XCBuildConfiguration;
			buildSettings = {
				ASSETCATALOG_COMPILER_APPICON_NAME = AppIcon;
				CODE_SIGN_STYLE = Automatic;
				DEVELOPMENT_TEAM = 75Z834AYX6;
				INFOPLIST_FILE = multipleStoryboardProject/Info.plist;
				IPHONEOS_DEPLOYMENT_TARGET = 13.0;
				LD_RUNPATH_SEARCH_PATHS = (
					"$(inherited)",
					"@executable_path/Frameworks",
				);
				PRODUCT_BUNDLE_IDENTIFIER = own.multipleStoryboardProject;
				PRODUCT_NAME = "$(TARGET_NAME)";
				SWIFT_VERSION = 5.0;
				TARGETED_DEVICE_FAMILY = "1,2";
			};
			name = Debug;
		};
		DDC28D1124693AC3009D7BAD /* Release */ = {
			isa = XCBuildConfiguration;
			buildSettings = {
				ASSETCATALOG_COMPILER_APPICON_NAME = AppIcon;
				CODE_SIGN_STYLE = Automatic;
				DEVELOPMENT_TEAM = 75Z834AYX6;
				INFOPLIST_FILE = multipleStoryboardProject/Info.plist;
				IPHONEOS_DEPLOYMENT_TARGET = 13.0;
				LD_RUNPATH_SEARCH_PATHS = (
					"$(inherited)",
					"@executable_path/Frameworks",
				);
				PRODUCT_BUNDLE_IDENTIFIER = own.multipleStoryboardProject;
				PRODUCT_NAME = "$(TARGET_NAME)";
				SWIFT_VERSION = 5.0;
				TARGETED_DEVICE_FAMILY = "1,2";
			};
			name = Release;
		};
/* End XCBuildConfiguration section */

/* Begin XCConfigurationList section */
		DDC28CF624693AC1009D7BAD /* Build configuration list for PBXProject "multipleStoryboardProject" */ = {
			isa = XCConfigurationList;
			buildConfigurations = (
				DDC28D0D24693AC3009D7BAD /* Debug */,
				DDC28D0E24693AC3009D7BAD /* Release */,
			);
			defaultConfigurationIsVisible = 0;
			defaultConfigurationName = Release;
		};
		DDC28D0F24693AC3009D7BAD /* Build configuration list for PBXNativeTarget "multipleStoryboardProject" */ = {
			isa = XCConfigurationList;
			buildConfigurations = (
				DDC28D1024693AC3009D7BAD /* Debug */,
				DDC28D1124693AC3009D7BAD /* Release */,
			);
			defaultConfigurationIsVisible = 0;
			defaultConfigurationName = Release;
		};
/* End XCConfigurationList section */
	};
	rootObject = DDC28CF324693AC1009D7BAD /* Project object */;
}
